<Solution>
  <Folder Name="/src/">
    <Project Path="src/AuctionSystem.Api/AuctionSystem.Api.csproj" Id="2600c75a-1a60-417c-bfe6-1811e59e90b1" />
    <Project Path="src/AuctionSystem.Application/AuctionSystem.Application.csproj" Id="ec15a442-e637-4ec5-ba3f-236175d29834" />
    <Project Path="src/AuctionSystem.Domain/AuctionSystem.Domain.csproj" Id="b383ffaf-146a-407c-bc5f-09a12ec2f400" />
    <Project Path="src/AuctionSystem.Infrastructure/AuctionSystem.Infrastructure.csproj" Id="3d3401c8-0c2a-4fb0-82ae-85f73fb17d0e" />
    <Project Path="src/AuctionSystem.Presentation/AuctionSystem.Presentation.csproj" Id="a556a100-d667-4709-b9c0-177a63adbf1b" />
  </Folder>
  <Folder Name="/tests/">
    <Project Path="tests/AuctionSystem.Domain.UnitTests/AuctionSystem.Domain.UnitTests.csproj" Id="bd2f8a81-65a3-46b8-bad6-cffcb42353ad" />
  </Folder>
</Solution>
